// !$*UTF8*$!
{
	archiveVersion = 1;
	classes = {
	};
	objectVersion = 46;
	objects = {

/* Begin PBXBuildFile section */
		802B29EA1DF8FA9900E0F885 /* detailViewController.swift in Sources */ = {isa = PBXBuildFile; fileRef = 802B29E91DF8FA9900E0F885 /* detailViewController.swift */; };
		806CF3621DF7AECE00E36847 /* AppDelegate.swift in Sources */ = {isa = PBXBuildFile; fileRef = 806CF3611DF7AECE00E36847 /* AppDelegate.swift */; };
		806CF3641DF7AECE00E36847 /* ViewController.swift in Sources */ = {isa = PBXBuildFile; fileRef = 806CF3631DF7AECE00E36847 /* ViewController.swift */; };
		806CF3671DF7AECE00E36847 /* Main.storyboard in Resources */ = {isa = PBXBuildFile; fileRef = 806CF3651DF7AECE00E36847 /* Main.storyboard */; };
		806CF36A1DF7AECE00E36847 /* CoreToDo.xcdatamodeld in Sources */ = {isa = PBXBuildFile; fileRef = 806CF3681DF7AECE00E36847 /* CoreToDo.xcdatamodeld */; };
		806CF36C1DF7AECE00E36847 /* Assets.xcassets in Resources */ = {isa = PBXBuildFile; fileRef = 806CF36B1DF7AECE00E36847 /* Assets.xcassets */; };
		806CF36F1DF7AECE00E36847 /* LaunchScreen.storyboard in Resources */ = {isa = PBXBuildFile; fileRef = 806CF36D1DF7AECE00E36847 /* LaunchScreen.storyboard */; };
		80A2E9971DFB348D00368CC1 /* editTaskVC.swift in Sources */ = {isa = PBXBuildFile; fileRef = 80A2E9961DFB348C00368CC1 /* editTaskVC.swift */; };
		80A6F2FD1DF7B24400E6645A /* AddTaskVC.swift in Sources */ = {isa = PBXBuildFile; fileRef = 80A6F2FC1DF7B24400E6645A /* AddTaskVC.swift */; };
/* End PBXBuildFile section */

/* Begin PBXFileReference section */
		802B29E91DF8FA9900E0F885 /* detailViewController.swift */ = {isa = PBXFileReference; fileEncoding = 4; lastKnownFileType = sourcecode.swift; path = detailViewController.swift; sourceTree = "<group>"; };
		806CF35E1DF7AECE00E36847 /* CoreToDo.app */ = {isa = PBXFileReference; explicitFileType = wrapper.application; includeInIndex = 0; path = CoreToDo.app; sourceTree = BUILT_PRODUCTS_DIR; };
		806CF3611DF7AECE00E36847 /* AppDelegate.swift */ = {isa = PBXFileReference; lastKnownFileType = sourcecode.swift; path = AppDelegate.swift; sourceTree = "<group>"; };
		806CF3631DF7AECE00E36847 /* ViewController.swift */ = {isa = PBXFileReference; lastKnownFileType = sourcecode.swift; path = ViewController.swift; sourceTree = "<group>"; };
		806CF3661DF7AECE00E36847 /* Base */ = {isa = PBXFileReference; lastKnownFileType = file.storyboard; name = Base; path = Base.lproj/Main.storyboard; sourceTree = "<group>"; };
		806CF3691DF7AECE00E36847 /* CoreToDo.xcdatamodel */ = {isa = PBXFileReference; lastKnownFileType = wrapper.xcdatamodel; path = CoreToDo.xcdatamodel; sourceTree = "<group>"; };
		806CF36B1DF7AECE00E36847 /* Assets.xcassets */ = {isa = PBXFileReference; lastKnownFileType = folder.assetcatalog; path = Assets.xcassets; sourceTree = "<group>"; };
		806CF36E1DF7AECE00E36847 /* Base */ = {isa = PBXFileReference; lastKnownFileType = file.storyboard; name = Base; path = Base.lproj/LaunchScreen.storyboard; sourceTree = "<group>"; };
		806CF3701DF7AECE00E36847 /* Info.plist */ = {isa = PBXFileReference; lastKnownFileType = text.plist.xml; path = Info.plist; sourceTree = "<group>"; };
		80A2E9961DFB348C00368CC1 /* editTaskVC.swift */ = {isa = PBXFileReference; fileEncoding = 4; lastKnownFileType = sourcecode.swift; path = editTaskVC.swift; sourceTree = "<group>"; };
		80A6F2FC1DF7B24400E6645A /* AddTaskVC.swift */ = {isa = PBXFileReference; fileEncoding = 4; lastKnownFileType = sourcecode.swift; path = AddTaskVC.swift; sourceTree = "<group>"; };
/* End PBXFileReference section */

/* Begin PBXFrameworksBuildPhase section */
		806CF35B1DF7AECE00E36847 /* Frameworks */ = {
			isa = PBXFrameworksBuildPhase;
			buildActionMask = 2147483647;
			files = (
			);
			runOnlyForDeploymentPostprocessing = 0;
		};
/* End PBXFrameworksBuildPhase section */

/* Begin PBXGroup section */
		806CF3551DF7AECE00E36847 = {
			isa = PBXGroup;
			children = (
				806CF3601DF7AECE00E36847 /* CoreToDo */,
				806CF35F1DF7AECE00E36847 /* Products */,
			);
			sourceTree = "<group>";
		};
		806CF35F1DF7AECE00E36847 /* Products */ = {
			isa = PBXGroup;
			children = (
				806CF35E1DF7AECE00E36847 /* CoreToDo.app */,
			);
			name = Products;
			sourceTree = "<group>";
		};
		806CF3601DF7AECE00E36847 /* CoreToDo */ = {
			isa = PBXGroup;
			children = (
				806CF3611DF7AECE00E36847 /* AppDelegate.swift */,
				806CF3631DF7AECE00E36847 /* ViewController.swift */,
				80A6F2FC1DF7B24400E6645A /* AddTaskVC.swift */,
				802B29E91DF8FA9900E0F885 /* detailViewController.swift */,
				806CF3651DF7AECE00E36847 /* Main.storyboard */,
				80A2E9961DFB348C00368CC1 /* editTaskVC.swift */,
				806CF36B1DF7AECE00E36847 /* Assets.xcassets */,
				806CF36D1DF7AECE00E36847 /* LaunchScreen.storyboard */,
				806CF3701DF7AECE00E36847 /* Info.plist */,
				806CF3681DF7AECE00E36847 /* CoreToDo.xcdatamodeld */,
			);
			path = CoreToDo;
			sourceTree = "<group>";
		};
/* End PBXGroup section */

/* Begin PBXNativeTarget section */
		806CF35D1DF7AECE00E36847 /* CoreToDo */ = {
			isa = PBXNativeTarget;
			buildConfigurationList = 806CF3731DF7AECE00E36847 /* Build configuration list for PBXNativeTarget "CoreToDo" */;
			buildPhases = (
				806CF35A1DF7AECE00E36847 /* Sources */,
				806CF35B1DF7AECE00E36847 /* Frameworks */,
				806CF35C1DF7AECE00E36847 /* Resources */,
			);
			buildRules = (
			);
			dependencies = (
			);
			name = CoreToDo;
			productName = CoreToDo;
			productReference = 806CF35E1DF7AECE00E36847 /* CoreToDo.app */;
			productType = "com.apple.product-type.application";
		};
/* End PBXNativeTarget section */

/* Begin PBXProject section */
		806CF3561DF7AECE00E36847 /* Project object */ = {
			isa = PBXProject;
			attributes = {
				LastSwiftUpdateCheck = 0810;
				LastUpgradeCheck = 0810;
				ORGANIZATIONNAME = "Manuel S. Gomez";
				TargetAttributes = {
					806CF35D1DF7AECE00E36847 = {
						CreatedOnToolsVersion = 8.1;
						DevelopmentTeam = 2L722N9NTE;
						ProvisioningStyle = Automatic;
					};
				};
			};
			buildConfigurationList = 806CF3591DF7AECE00E36847 /* Build configuration list for PBXProject "CoreToDo" */;
			compatibilityVersion = "Xcode 3.2";
			developmentRegion = English;
			hasScannedForEncodings = 0;
			knownRegions = (
				en,
				Base,
			);
			mainGroup = 806CF3551DF7AECE00E36847;
			productRefGroup = 806CF35F1DF7AECE00E36847 /* Products */;
			projectDirPath = "";
			projectRoot = "";
			targets = (
				806CF35D1DF7AECE00E36847 /* CoreToDo */,
			);
		};
/* End PBXProject section */

/* Begin PBXResourcesBuildPhase section */
		806CF35C1DF7AECE00E36847 /* Resources */ = {
			isa = PBXResourcesBuildPhase;
			buildActionMask = 2147483647;
			files = (
				806CF36F1DF7AECE00E36847 /* LaunchScreen.storyboard in Resources */,
				806CF36C1DF7AECE00E36847 /* Assets.xcassets in Resources */,
				806CF3671DF7AECE00E36847 /* Main.storyboard in Resources */,
			);
			runOnlyForDeploymentPostprocessing = 0;
		};
/* End PBXResourcesBuildPhase section */

/* Begin PBXSourcesBuildPhase section */
		806CF35A1DF7AECE00E36847 /* Sources */ = {
			isa = PBXSourcesBuildPhase;
			buildActionMask = 2147483647;
			files = (
				806CF3641DF7AECE00E36847 /* ViewController.swift in Sources */,
				806CF3621DF7AECE00E36847 /* AppDelegate.swift in Sources */,
				806CF36A1DF7AECE00E36847 /* CoreToDo.xcdatamodeld in Sources */,
				802B29EA1DF8FA9900E0F885 /* detailViewController.swift in Sources */,
				80A6F2FD1DF7B24400E6645A /* AddTaskVC.swift in Sources */,
				80A2E9971DFB348D00368CC1 /* editTaskVC.swift in Sources */,
			);
			runOnlyForDeploymentPostprocessing = 0;
		};
/* End PBXSourcesBuildPhase section */

/* Begin PBXVariantGroup section */
		806CF3651DF7AECE00E36847 /* Main.storyboard */ = {
			isa = PBXVariantGroup;
			children = (
				806CF3661DF7AECE00E36847 /* Base */,
			);
			name = Main.storyboard;
			sourceTree = "<group>";
		};
		806CF36D1DF7AECE00E36847 /* LaunchScreen.storyboard */ = {
			isa = PBXVariantGroup;
			children = (
				806CF36E1DF7AECE00E36847 /* Base */,
			);
			name = LaunchScreen.storyboard;
			sourceTree = "<group>";
		};
/* End PBXVariantGroup section */

/* Begin XCBuildConfiguration section */
		806CF3711DF7AECE00E36847 /* Debug */ = {
			isa = XCBuildConfiguration;
			buildSettings = {
				ALWAYS_SEARCH_USER_PATHS = NO;
				CLANG_ANALYZER_NONNULL = YES;
				CLANG_CXX_LANGUAGE_STANDARD = "gnu++0x";
				CLANG_CXX_LIBRARY = "libc++";
				CLANG_ENABLE_MODULES = YES;
				CLANG_ENABLE_OBJC_ARC = YES;
				CLANG_WARN_BOOL_CONVERSION = YES;
				CLANG_WARN_CONSTANT_CONVERSION = YES;
				CLANG_WARN_DIRECT_OBJC_ISA_USAGE = YES_ERROR;
				CLANG_WARN_DOCUMENTATION_COMMENTS = YES;
				CLANG_WARN_EMPTY_BODY = YES;
				CLANG_WARN_ENUM_CONVERSION = YES;
				CLANG_WARN_INFINITE_RECURSION = YES;
				CLANG_WARN_INT_CONVERSION = YES;
				CLANG_WARN_OBJC_ROOT_CLASS = YES_ERROR;
				CLANG_WARN_SUSPICIOUS_MOVES = YES;
				CLANG_WARN_UNREACHABLE_CODE = YES;
				CLANG_WARN__DUPLICATE_METHOD_MATCH = YES;
				"CODE_SIGN_IDENTITY[sdk=iphoneos*]" = "iPhone Developer";
				COPY_PHASE_STRIP = NO;
				DEBUG_INFORMATION_FORMAT = dwarf;
				ENABLE_STRICT_OBJC_MSGSEND = YES;
				ENABLE_TESTABILITY = YES;
				GCC_C_LANGUAGE_STANDARD = gnu99;
				GCC_DYNAMIC_NO_PIC = NO;
				GCC_NO_COMMON_BLOCKS = YES;
				GCC_OPTIMIZATION_LEVEL = 0;
				GCC_PREPROCESSOR_DEFINITIONS = (
					"DEBUG=1",
					"$(inherited)",
				);
				GCC_WARN_64_TO_32_BIT_CONVERSION = YES;
				GCC_WARN_ABOUT_RETURN_TYPE = YES_ERROR;
				GCC_WARN_UNDECLARED_SELECTOR = YES;
				GCC_WARN_UNINITIALIZED_AUTOS = YES_AGGRESSIVE;
				GCC_WARN_UNUSED_FUNCTION = YES;
				GCC_WARN_UNUSED_VARIABLE = YES;
				IPHONEOS_DEPLOYMENT_TARGET = 10.1;
				MTL_ENABLE_DEBUG_INFO = YES;
				ONLY_ACTIVE_ARCH = YES;
				SDKROOT = iphoneos;
				SWIFT_ACTIVE_COMPILATION_CONDITIONS = DEBUG;
				SWIFT_OPTIMIZATION_LEVEL = "-Onone";
				TARGETED_DEVICE_FAMILY = "1,2";
			};
			name = Debug;
		};
		806CF3721DF7AECE00E36847 /* Release */ = {
			isa = XCBuildConfiguration;
			buildSettings = {
				ALWAYS_SEARCH_USER_PATHS = NO;
				CLANG_ANALYZER_NONNULL = YES;
				CLANG_CXX_LANGUAGE_STANDARD = "gnu++0x";
				CLANG_CXX_LIBRARY = "libc++";
				CLANG_ENABLE_MODULES = YES;
				CLANG_ENABLE_OBJC_ARC = YES;
				CLANG_WARN_BOOL_CONVERSION = YES;
				CLANG_WARN_CONSTANT_CONVERSION = YES;
				CLANG_WARN_DIRECT_OBJC_ISA_USAGE = YES_ERROR;
				CLANG_WARN_DOCUMENTATION_COMMENTS = YES;
				CLANG_WARN_EMPTY_BODY = YES;
				CLANG_WARN_ENUM_CONVERSION = YES;
				CLANG_WARN_INFINITE_RECURSION = YES;
				CLANG_WARN_INT_CONVERSION = YES;
				CLANG_WARN_OBJC_ROOT_CLASS = YES_ERROR;
				CLANG_WARN_SUSPICIOUS_MOVES = YES;
				CLANG_WARN_UNREACHABLE_CODE = YES;
				CLANG_WARN__DUPLICATE_METHOD_MATCH = YES;
				"CODE_SIGN_IDENTITY[sdk=iphoneos*]" = "iPhone Developer";
				COPY_PHASE_STRIP = NO;
				DEBUG_INFORMATION_FORMAT = "dwarf-with-dsym";
				ENABLE_NS_ASSERTIONS = NO;
				ENABLE_STRICT_OBJC_MSGSEND = YES;
				GCC_C_LANGUAGE_STANDARD = gnu99;
				GCC_NO_COMMON_BLOCKS = YES;
				GCC_WARN_64_TO_32_BIT_CONVERSION = YES;
				GCC_WARN_ABOUT_RETURN_TYPE = YES_ERROR;
				GCC_WARN_UNDECLARED_SELECTOR = YES;
				GCC_WARN_UNINITIALIZED_AUTOS = YES_AGGRESSIVE;
				GCC_WARN_UNUSED_FUNCTION = YES;
				GCC_WARN_UNUSED_VARIABLE = YES;
				IPHONEOS_DEPLOYMENT_TARGET = 10.1;
				MTL_ENABLE_DEBUG_INFO = NO;
				SDKROOT = iphoneos;
				SWIFT_OPTIMIZATION_LEVEL = "-Owholemodule";
				TARGETED_DEVICE_FAMILY = "1,2";
				VALIDATE_PRODUCT = YES;
			};
			name = Release;
		};
		806CF3741DF7AECE00E36847 /* Debug */ = {
			isa = XCBuildConfiguration;
			buildSettings = {
				ASSETCATALOG_COMPILER_APPICON_NAME = AppIcon;
				"CODE_SIGN_IDENTITY[sdk=iphoneos*]" = "iPhone Developer";
				DEVELOPMENT_TEAM = 2L722N9NTE;
				INFOPLIST_FILE = CoreToDo/Info.plist;
				LD_RUNPATH_SEARCH_PATHS = "$(inherited) @executable_path/Frameworks";
				PRODUCT_BUNDLE_IDENTIFIER = com.msgomezm.CoreToDo;
				PRODUCT_NAME = "$(TARGET_NAME)";
				SWIFT_VERSION = 3.0;
			};
			name = Debug;
		};
		806CF3751DF7AECE00E36847 /* Release */ = {
			isa = XCBuildConfiguration;
			buildSettings = {
				ASSETCATALOG_COMPILER_APPICON_NAME = AppIcon;
				"CODE_SIGN_IDENTITY[sdk=iphoneos*]" = "iPhone Developer";
				DEVELOPMENT_TEAM = 2L722N9NTE;
				INFOPLIST_FILE = CoreToDo/Info.plist;
				LD_RUNPATH_SEARCH_PATHS = "$(inherited) @executable_path/Frameworks";
				PRODUCT_BUNDLE_IDENTIFIER = com.msgomezm.CoreToDo;
				PRODUCT_NAME = "$(TARGET_NAME)";
				SWIFT_VERSION = 3.0;
			};
			name = Release;
		};
/* End XCBuildConfiguration section */

/* Begin XCConfigurationList section */
		806CF3591DF7AECE00E36847 /* Build configuration list for PBXProject "CoreToDo" */ = {
			isa = XCConfigurationList;
			buildConfigurations = (
				806CF3711DF7AECE00E36847 /* Debug */,
				806CF3721DF7AECE00E36847 /* Release */,
			);
			defaultConfigurationIsVisible = 0;
			defaultConfigurationName = Release;
		};
		806CF3731DF7AECE00E36847 /* Build configuration list for PBXNativeTarget "CoreToDo" */ = {
			isa = XCConfigurationList;
			buildConfigurations = (
				806CF3741DF7AECE00E36847 /* Debug */,
				806CF3751DF7AECE00E36847 /* Release */,
			);
			defaultConfigurationIsVisible = 0;
			defaultConfigurationName = Release;
		};
/* End XCConfigurationList section */

/* Begin XCVersionGroup section */
		806CF3681DF7AECE00E36847 /* CoreToDo.xcdatamodeld */ = {
			isa = XCVersionGroup;
			children = (
				806CF3691DF7AECE00E36847 /* CoreToDo.xcdatamodel */,
			);
			currentVersion = 806CF3691DF7AECE00E36847 /* CoreToDo.xcdatamodel */;
			path = CoreToDo.xcdatamodeld;
			sourceTree = "<group>";
			versionGroupType = wrapper.xcdatamodel;
		};
/* End XCVersionGroup section */
	};
	rootObject = 806CF3561DF7AECE00E36847 /* Project object */;
}
